GIT
  remote: git://github.com/alup/puppet-rbenv.git
  ref: f06c3aee6831237201b0f1975978a1c7ddad9497
  sha: f06c3aee6831237201b0f1975978a1c7ddad9497
  specs:
    rbenv (1.2.0)

GIT
  remote: git://github.com/puppetmodules/puppet-module-monit.git
  ref: 2220edd37ad15c54b82c77e054df073281d8ea33
  sha: 2220edd37ad15c54b82c77e054df073281d8ea33
  specs:
    monit (0.0.1)

DEPENDENCIES
  monit (>= 0)
  rbenv (>= 0)

