FORGE
  remote: https://forgeapi.puppetlabs.com
  specs:
    alup/rbenv (1.2.0)
    maestrodev/wget (1.4.4)
    puppetlabs/apt (1.5.1)
      puppetlabs/stdlib (>= 2.2.1)
    puppetlabs/gcc (0.2.0)
    puppetlabs/mysql (2.3.1)
      puppetlabs/stdlib (>= 3.2.0)
    puppetlabs/stdlib (4.3.2)
    thomasvandoren/redis (0.10.0)
      maestrodev/wget (>= 1.1.0)
      puppetlabs/gcc (>= 0.0.3)

GIT
  remote: git://github.com/puppetmodules/puppet-module-monit.git
  ref: 2220edd37ad15c54b82c77e054df073281d8ea33
  sha: 2220edd37ad15c54b82c77e054df073281d8ea33
  specs:
    puppetmodules/puppet-module-monit (0.0.1)

GIT
  remote: git@github.com:jondeandres/aliwal-puppet.git
  path: aliwal-modules/git_utils
  ref: master
  sha: a1cfb5f551aca345f66cc68956f737abe12beaa7
  specs:
    aliwal/git_utils (0.0.1)

GIT
  remote: git@github.com:jondeandres/aliwal-puppet.git
  path: aliwal-modules/initscript
  ref: master
  sha: a1cfb5f551aca345f66cc68956f737abe12beaa7
  specs:
    aliwal/initscript (0.0.1)

GIT
  remote: git@github.com:jondeandres/aliwal-puppet.git
  path: aliwal-modules/keys
  ref: master
  sha: a1cfb5f551aca345f66cc68956f737abe12beaa7
  specs:
    aliwal/keys (0.0.1)

GIT
  remote: git@github.com:jondeandres/aliwal-puppet.git
  path: aliwal-modules/puma
  ref: master
  sha: a1cfb5f551aca345f66cc68956f737abe12beaa7
  specs:
    aliwal/puma (0.0.1)

DEPENDENCIES
  aliwal/git_utils (>= 0)
  aliwal/initscript (>= 0)
  aliwal/keys (>= 0)
  aliwal/puma (>= 0)
  alup/rbenv (= 1.2.0)
  puppetlabs/apt (= 1.5.1)
  puppetlabs/mysql (= 2.3.1)
  puppetlabs/stdlib (= 4.3.2)
  puppetmodules/puppet-module-monit (>= 0)
  thomasvandoren/redis (= 0.10.0)

